
Microsoft Visual Studio Solution File, Format Version 12.00
# Visual Studio 2012
Project("{FAE04EC0-301F-11D3-BF4B-00C04F79EFBC}") = "SmallWorld", "SmallWorld\SmallWorld.csproj", "{A256E0F3-4234-4606-AFE5-8FD584EFCFCB}"
EndProject
Project("{F088123C-0E9E-452A-89E6-6BA2F21D5CAC}") = "Modelisation", "Modelisation\Modelisation.modelproj", "{A2CD4208-A4D1-46A2-8B2F-0A780E8475B3}"
EndProject
Global
	GlobalSection(SolutionConfigurationPlatforms) = preSolution
		Debug|Any CPU = Debug|Any CPU
		Release|Any CPU = Release|Any CPU
	EndGlobalSection
	GlobalSection(ProjectConfigurationPlatforms) = postSolution
		{A256E0F3-4234-4606-AFE5-8FD584EFCFCB}.Debug|Any CPU.ActiveCfg = Debug|Any CPU
		{A256E0F3-4234-4606-AFE5-8FD584EFCFCB}.Debug|Any CPU.Build.0 = Debug|Any CPU
		{A256E0F3-4234-4606-AFE5-8FD584EFCFCB}.Release|Any CPU.ActiveCfg = Release|Any CPU
		{A256E0F3-4234-4606-AFE5-8FD584EFCFCB}.Release|Any CPU.Build.0 = Release|Any CPU
		{A2CD4208-A4D1-46A2-8B2F-0A780E8475B3}.Debug|Any CPU.ActiveCfg = Debug|Any CPU
		{A2CD4208-A4D1-46A2-8B2F-0A780E8475B3}.Debug|Any CPU.Build.0 = Debug|Any CPU
		{A2CD4208-A4D1-46A2-8B2F-0A780E8475B3}.Release|Any CPU.ActiveCfg = Release|Any CPU
		{A2CD4208-A4D1-46A2-8B2F-0A780E8475B3}.Release|Any CPU.Build.0 = Release|Any CPU
	EndGlobalSection
	GlobalSection(SolutionProperties) = preSolution
		HideSolutionNode = FALSE
	EndGlobalSection
EndGlobal
